
Microsoft Visual Studio Solution File, Format Version 12.00
# Visual Studio 15
VisualStudioVersion = 15.0.27130.2010
MinimumVisualStudioVersion = 10.0.40219.1
Project("{FAE04EC0-301F-11D3-BF4B-00C04F79EFBC}") = "WebAppHost", "WebAppHost\WebAppHost.csproj", "{4EB00477-49EA-4AC6-9A5F-C1FEAECE0A89}"
EndProject
Project("{FAE04EC0-301F-11D3-BF4B-00C04F79EFBC}") = "OwinWebApi", "OwinWebApi\OwinWebApi.csproj", "{F4300CA4-7501-4921-8B63-51A877E35AFF}"
EndProject
Global
	GlobalSection(SolutionConfigurationPlatforms) = preSolution
		Debug|Any CPU = Debug|Any CPU
		Release|Any CPU = Release|Any CPU
	EndGlobalSection
	GlobalSection(ProjectConfigurationPlatforms) = postSolution
		{4EB00477-49EA-4AC6-9A5F-C1FEAECE0A89}.Debug|Any CPU.ActiveCfg = Debug|Any CPU
		{4EB00477-49EA-4AC6-9A5F-C1FEAECE0A89}.Debug|Any CPU.Build.0 = Debug|Any CPU
		{4EB00477-49EA-4AC6-9A5F-C1FEAECE0A89}.Release|Any CPU.ActiveCfg = Release|Any CPU
		{4EB00477-49EA-4AC6-9A5F-C1FEAECE0A89}.Release|Any CPU.Build.0 = Release|Any CPU
		{F4300CA4-7501-4921-8B63-51A877E35AFF}.Debug|Any CPU.ActiveCfg = Debug|Any CPU
		{F4300CA4-7501-4921-8B63-51A877E35AFF}.Debug|Any CPU.Build.0 = Debug|Any CPU
		{F4300CA4-7501-4921-8B63-51A877E35AFF}.Release|Any CPU.ActiveCfg = Release|Any CPU
		{F4300CA4-7501-4921-8B63-51A877E35AFF}.Release|Any CPU.Build.0 = Release|Any CPU
	EndGlobalSection
	GlobalSection(SolutionProperties) = preSolution
		HideSolutionNode = FALSE
	EndGlobalSection
	GlobalSection(ExtensibilityGlobals) = postSolution
		SolutionGuid = {A63076B6-5E79-415D-BE3D-754A82B80F73}
	EndGlobalSection
EndGlobal
